hash: 17f9d9a59e5a10d3cceef467519ca927b711e95badacc161b8bf4a8083ebf47a
updated: 2016-07-18T16:44:16.229294312+02:00
imports:
- name: github.com/BurntSushi/toml
  version: 99064174e013895bbd9b025c31100bd1d9b590ca
- name: github.com/dghubble/sling
  version: 3db1177a9ec00dae4266e45abb504e2e13d7dc04
- name: github.com/elazarl/go-bindata-assetfs
  version: 57eb5e1fc594ad4b0b1dbea7b286d299e0cb43c2
- name: github.com/fsnotify/fsnotify
  version: a8a77c9133d2d6fd8334f3260d06f60e8d80a5fb
- name: github.com/gin-gonic/gin
  version: f931d1ea80ae95a6fc739213cdd9399bd2967fb6
  subpackages:
  - binding
  - render
- name: github.com/golang/glog
  version: 23def4e6c14b4da8ac2ed8007337bc5eb5007998
- name: github.com/golang/protobuf
  version: 2402d76f3d41f928c7902a765dfc872356dd3aad
  subpackages:
  - proto
- name: github.com/google/go-querystring
  version: 9235644dd9e52eeae6fa48efd539fdc351a0af53
  subpackages:
  - query
- name: github.com/hashicorp/hcl
  version: d8c773c4cba11b11539e3d45f93daeaa5dcf1fa1
  subpackages:
  - hcl/ast
  - hcl/parser
  - hcl/token
  - json/parser
  - hcl/scanner
  - hcl/strconv
  - json/scanner
  - json/token
- name: github.com/inconshreveable/mousetrap
  version: 76626ae9c91c4f2a10f34cad8ce83ea42c93bb75
- name: github.com/kidoman/embd
  version: bfcd1345fe4e3d17ca82475c0c2f3d53120f87a9
  subpackages:
  - host/rpi
  - host/generic
- name: github.com/magiconair/properties
  version: af14024f63beeb153d0048591b39c5788f21cc24
- name: github.com/manucorporat/sse
  version: ee05b128a739a0fb76c7ebd3ae4810c1de808d6d
- name: github.com/mitchellh/mapstructure
  version: 21a35fb16463dfb7c8eee579c65d995d95e64d1e
- name: github.com/Sirupsen/logrus
  version: a283a10442df8dc09befd873fab202bf8a253d6a
- name: github.com/spf13/cast
  version: 27b586b42e29bec072fe7379259cc719e1289da6
- name: github.com/spf13/cobra
  version: b24564e919247d7c870fe0ed3738c98d8741aca4
- name: github.com/spf13/jwalterweatherman
  version: 33c24e77fb80341fe7130ee7c594256ff08ccc46
- name: github.com/spf13/pflag
  version: 367864438f1b1a3c7db4da06a2f55b144e6784e0
- name: github.com/spf13/viper
  version: c1ccc378a054ea8d4e38d8c67f6938d4760b53dd
- name: golang.org/x/net
  version: f315505cf3349909cdf013ea56690da34e96a451
  subpackages:
  - context
- name: golang.org/x/sys
  version: a646d33e2ee3172a661fc09bca23bb4889a41bc8
  subpackages:
  - unix
- name: gopkg.in/go-playground/validator.v8
  version: c193cecd124b5cc722d7ee5538e945bdb3348435
- name: gopkg.in/yaml.v2
  version: e4d366fc3c7938e2958e662b4258c7a89e1f0e3e
devImports: []
